// !$*UTF8*$!
{
	archiveVersion = 1;
	classes = {
	};
	objectVersion = 50;
	objects = {

/* Begin PBXFileReference section */
		81F1088821F07C1F00850990 /* .gitmodules */ = {isa = PBXFileReference; lastKnownFileType = text; path = .gitmodules; sourceTree = "<group>"; };
		8411F78021AE4C73005FF4FB /* README.md */ = {isa = PBXFileReference; lastKnownFileType = net.daringfireball.markdown; path = README.md; sourceTree = "<group>"; };
		84DA95A72325EC67002D42F0 /* wygkk */ = {isa = PBXFileReference; lastKnownFileType = folder; path = wygkk; sourceTree = "<group>"; };
		84DA95A82325EC67002D42F0 /* Kindle */ = {isa = PBXFileReference; lastKnownFileType = folder; path = Kindle; sourceTree = "<group>"; };
		84DA95A92325EC67002D42F0 /* wwdc */ = {isa = PBXFileReference; lastKnownFileType = folder; path = wwdc; sourceTree = "<group>"; };
/* End PBXFileReference section */

/* Begin PBXGroup section */
		8411F76921AE4865005FF4FB = {
			isa = PBXGroup;
			children = (
				81F1088821F07C1F00850990 /* .gitmodules */,
				8411F78021AE4C73005FF4FB /* README.md */,
				84DA95A82325EC67002D42F0 /* Kindle */,
				84DA95A92325EC67002D42F0 /* wwdc */,
				84DA95A72325EC67002D42F0 /* wygkk */,
			);
			sourceTree = "<group>";
		};
/* End PBXGroup section */

/* Begin PBXProject section */
		8411F76A21AE4865005FF4FB /* Project object */ = {
			isa = PBXProject;
			attributes = {
				LastUpgradeCheck = 1000;
			};
			buildConfigurationList = 8411F76D21AE4865005FF4FB /* Build configuration list for PBXProject "iBooks" */;
			compatibilityVersion = "Xcode 9.3";
			developmentRegion = en;
			hasScannedForEncodings = 0;
			knownRegions = (
				en,
			);
			mainGroup = 8411F76921AE4865005FF4FB;
			projectDirPath = "";
			projectRoot = "";
			targets = (
			);
		};
/* End PBXProject section */

/* Begin XCBuildConfiguration section */
		8411F76E21AE4865005FF4FB /* Debug */ = {
			isa = XCBuildConfiguration;
			buildSettings = {
			};
			name = Debug;
		};
		8411F76F21AE4865005FF4FB /* Release */ = {
			isa = XCBuildConfiguration;
			buildSettings = {
			};
			name = Release;
		};
/* End XCBuildConfiguration section */

/* Begin XCConfigurationList section */
		8411F76D21AE4865005FF4FB /* Build configuration list for PBXProject "iBooks" */ = {
			isa = XCConfigurationList;
			buildConfigurations = (
				8411F76E21AE4865005FF4FB /* Debug */,
				8411F76F21AE4865005FF4FB /* Release */,
			);
			defaultConfigurationIsVisible = 0;
			defaultConfigurationName = Release;
		};
/* End XCConfigurationList section */
	};
	rootObject = 8411F76A21AE4865005FF4FB /* Project object */;
}
